
Microsoft Visual Studio Solution File, Format Version 12.00
# Visual Studio Version 17
VisualStudioVersion = 17.4.33122.133
MinimumVisualStudioVersion = 10.0.40219.1
Project("{9A19103F-16F7-4668-BE54-9A1E7A4F7556}") = "WindowCalculator", "WindowCalculator\WindowCalculator.csproj", "{D7B01370-6C59-4FFF-95D7-77878075DA57}"
EndProject
Project("{2150E333-8FDC-42A3-9474-1A3956D46DE8}") = "Solution Items", "Solution Items", "{651BFA0F-7A4B-4A32-B5C8-6A7E1C38DC18}"
	ProjectSection(SolutionItems) = preProject
		MeaningOfLife.txt = MeaningOfLife.txt
	EndProjectSection
EndProject
Project("{9A19103F-16F7-4668-BE54-9A1E7A4F7556}") = "WindowCalculator.Tests", "WindowCalculator.Tests\WindowCalculator.Tests.csproj", "{8F2B418B-5C51-4138-B328-64D5E136E26B}"
EndProject
Global
	GlobalSection(SolutionConfigurationPlatforms) = preSolution
		Debug|Any CPU = Debug|Any CPU
		Release|Any CPU = Release|Any CPU
	EndGlobalSection
	GlobalSection(ProjectConfigurationPlatforms) = postSolution
		{D7B01370-6C59-4FFF-95D7-77878075DA57}.Debug|Any CPU.ActiveCfg = Debug|Any CPU
		{D7B01370-6C59-4FFF-95D7-77878075DA57}.Debug|Any CPU.Build.0 = Debug|Any CPU
		{D7B01370-6C59-4FFF-95D7-77878075DA57}.Release|Any CPU.ActiveCfg = Release|Any CPU
		{D7B01370-6C59-4FFF-95D7-77878075DA57}.Release|Any CPU.Build.0 = Release|Any CPU
		{8F2B418B-5C51-4138-B328-64D5E136E26B}.Debug|Any CPU.ActiveCfg = Debug|Any CPU
		{8F2B418B-5C51-4138-B328-64D5E136E26B}.Debug|Any CPU.Build.0 = Debug|Any CPU
		{8F2B418B-5C51-4138-B328-64D5E136E26B}.Release|Any CPU.ActiveCfg = Release|Any CPU
		{8F2B418B-5C51-4138-B328-64D5E136E26B}.Release|Any CPU.Build.0 = Release|Any CPU
	EndGlobalSection
	GlobalSection(SolutionProperties) = preSolution
		HideSolutionNode = FALSE
	EndGlobalSection
	GlobalSection(ExtensibilityGlobals) = postSolution
		SolutionGuid = {99D51F3C-ADF2-479F-9110-FB5FC55C41E7}
	EndGlobalSection
EndGlobal
